{
  "name": "blazing-layout",
  "version": "1.2.1",
  "lockfileVersion": 3,
  "requires": true,
  "packages": {
    "": {
      "name": "blazing-layout",
      "version": "1.2.1",
      "license": "MIT",
      "dependencies": {
        "blazing-layout": "^1.2.1"
      }
    },
    "node_modules/blazing-layout": {
      "version": "1.2.1",
      "resolved": "https://registry.npmjs.org/blazing-layout/-/blazing-layout-1.2.1.tgz",
      "integrity": "sha512-uvAFNSh3goNUmZp4KAqgpjKSG/o5POVScevVOLWXmETjhMLLjk2LysfqLea5ca4u+8NX8JF3dO2sWM0UEC0O2g=="
    }
  }
}
